
Microsoft Visual Studio Solution File, Format Version 12.00
# Visual Studio Version 17
VisualStudioVersion = 17.6.33723.286
MinimumVisualStudioVersion = 10.0.40219.1
Project("{FAE04EC0-301F-11D3-BF4B-00C04F79EFBC}") = "NobodyExplodesDotNet", "NobodyExplodesDotNet\NobodyExplodesDotNet.csproj", "{7BDA84C9-060C-4AA4-AC44-2A3FC09D141E}"
EndProject
Project("{FAE04EC0-301F-11D3-BF4B-00C04F79EFBC}") = "WindowsFormsApp", "WindowsFormsApp\WindowsFormsApp.csproj", "{4F028ECD-F454-41D6-A8BE-F7C8F9EA944C}"
EndProject
Project("{2150E333-8FDC-42A3-9474-1A3956D46DE8}") = "Solution Items", "Solution Items", "{CCAA9858-548F-459E-B348-5335B32358A0}"
	ProjectSection(SolutionItems) = preProject
		.editorconfig = .editorconfig
	EndProjectSection
EndProject
Global
	GlobalSection(SolutionConfigurationPlatforms) = preSolution
		Debug|Any CPU = Debug|Any CPU
		Release|Any CPU = Release|Any CPU
	EndGlobalSection
	GlobalSection(ProjectConfigurationPlatforms) = postSolution
		{7BDA84C9-060C-4AA4-AC44-2A3FC09D141E}.Debug|Any CPU.ActiveCfg = Debug|Any CPU
		{7BDA84C9-060C-4AA4-AC44-2A3FC09D141E}.Debug|Any CPU.Build.0 = Debug|Any CPU
		{7BDA84C9-060C-4AA4-AC44-2A3FC09D141E}.Release|Any CPU.ActiveCfg = Release|Any CPU
		{7BDA84C9-060C-4AA4-AC44-2A3FC09D141E}.Release|Any CPU.Build.0 = Release|Any CPU
		{4F028ECD-F454-41D6-A8BE-F7C8F9EA944C}.Debug|Any CPU.ActiveCfg = Debug|Any CPU
		{4F028ECD-F454-41D6-A8BE-F7C8F9EA944C}.Debug|Any CPU.Build.0 = Debug|Any CPU
		{4F028ECD-F454-41D6-A8BE-F7C8F9EA944C}.Release|Any CPU.ActiveCfg = Release|Any CPU
		{4F028ECD-F454-41D6-A8BE-F7C8F9EA944C}.Release|Any CPU.Build.0 = Release|Any CPU
	EndGlobalSection
	GlobalSection(SolutionProperties) = preSolution
		HideSolutionNode = FALSE
	EndGlobalSection
	GlobalSection(ExtensibilityGlobals) = postSolution
		SolutionGuid = {EE663EC3-A5A5-44BD-8772-F8CDFC318707}
	EndGlobalSection
EndGlobal
